
Microsoft Visual Studio Solution File, Format Version 12.00
Project("{2150E333-8FDC-42A3-9474-1A3956D46DE8}") = "build", "build", "{F8A1DE1B-663E-4AD7-B9F9-0AB75E196056}"
EndProject
Project("{2150E333-8FDC-42A3-9474-1A3956D46DE8}") = "src", "src", "{7E4F5CA6-780F-41A6-B0A0-31EB6D4A3516}"
EndProject
Project("{2150E333-8FDC-42A3-9474-1A3956D46DE8}") = "test", "test", "{3634C8FC-089E-4AA7-BE15-E7AAB46EEA13}"
EndProject
Project("{E53339B2-1760-4266-BCC7-CA923CBCF16C}") = "docker-compose", "build\dockerCompose\docker-compose.dcproj", "{C89AF81C-96BB-46F2-B0BE-6CDA86B7FA74}"
EndProject
Global
	GlobalSection(SolutionConfigurationPlatforms) = preSolution
		Debug|Any CPU = Debug|Any CPU
		Release|Any CPU = Release|Any CPU
	EndGlobalSection
	GlobalSection(NestedProjects) = preSolution
		{C89AF81C-96BB-46F2-B0BE-6CDA86B7FA74} = {F8A1DE1B-663E-4AD7-B9F9-0AB75E196056}
	EndGlobalSection
EndGlobal
